
Microsoft Visual Studio Solution File, Format Version 12.00
# Visual Studio Version 16
VisualStudioVersion = 16.0.30225.117
MinimumVisualStudioVersion = 10.0.40219.1
Project("{FAE04EC0-301F-11D3-BF4B-00C04F79EFBC}") = "Mouse Uzerine Gelince Kayan Button", "Mouse Uzerine Gelince Kayan Button\Mouse Uzerine Gelince Kayan Button.csproj", "{3BFFC771-8BBB-42A8-A01A-548AE181E175}"
EndProject
Global
	GlobalSection(SolutionConfigurationPlatforms) = preSolution
		Debug|Any CPU = Debug|Any CPU
		Release|Any CPU = Release|Any CPU
	EndGlobalSection
	GlobalSection(ProjectConfigurationPlatforms) = postSolution
		{3BFFC771-8BBB-42A8-A01A-548AE181E175}.Debug|Any CPU.ActiveCfg = Debug|Any CPU
		{3BFFC771-8BBB-42A8-A01A-548AE181E175}.Debug|Any CPU.Build.0 = Debug|Any CPU
		{3BFFC771-8BBB-42A8-A01A-548AE181E175}.Release|Any CPU.ActiveCfg = Release|Any CPU
		{3BFFC771-8BBB-42A8-A01A-548AE181E175}.Release|Any CPU.Build.0 = Release|Any CPU
	EndGlobalSection
	GlobalSection(SolutionProperties) = preSolution
		HideSolutionNode = FALSE
	EndGlobalSection
	GlobalSection(ExtensibilityGlobals) = postSolution
		SolutionGuid = {005D6743-6BA3-44B8-B4F2-7C485A9FC47C}
	EndGlobalSection
EndGlobal
